
Microsoft Visual Studio Solution File, Format Version 12.00
# Visual Studio 15
VisualStudioVersion = 15.0.27428.2005
MinimumVisualStudioVersion = 10.0.40219.1
Project("{8BC9CEB8-8B4A-11D0-8D11-00A0C91BC942}") = "algorithm_cpp", "algorithm_cpp\algorithm_cpp.vcxproj", "{D943B5BF-8079-49F0-8B49-10E789461BF5}"
EndProject
Project("{8BC9CEB8-8B4A-11D0-8D11-00A0C91BC942}") = "2Xn_tiles", "2Xn_tiles\2Xn_tiles.vcxproj", "{B8045886-C704-4D5B-B2AD-5E873F4E3044}"
EndProject
Project("{2150E333-8FDC-42A3-9474-1A3956D46DE8}") = "DynamicProgramming", "DynamicProgramming", "{BFCB786F-954F-4996-9811-DA4205359A44}"
EndProject
Project("{8BC9CEB8-8B4A-11D0-8D11-00A0C91BC942}") = "2Xn_tiles2", "2Xn_tiles2\2Xn_tiles2.vcxproj", "{10B2FCD6-4D3D-4F03-9955-BA00800698D8}"
EndProject
Project("{8BC9CEB8-8B4A-11D0-8D11-00A0C91BC942}") = "pair_container", "pair_container\pair_container.vcxproj", "{1A8B6E37-EAB6-4240-BD44-905EF34732D9}"
EndProject
Project("{8BC9CEB8-8B4A-11D0-8D11-00A0C91BC942}") = "tie_practice", "tie_practice\tie_practice.vcxproj", "{814EF940-68DF-4BC3-9D9D-9C421F168C61}"
EndProject
Project("{8BC9CEB8-8B4A-11D0-8D11-00A0C91BC942}") = "vector", "vector\vector.vcxproj", "{3914D730-FEB6-4329-A0AD-48FDC9D0CA5F}"
EndProject
Global
	GlobalSection(SolutionConfigurationPlatforms) = preSolution
		Debug|x64 = Debug|x64
		Debug|x86 = Debug|x86
		Release|x64 = Release|x64
		Release|x86 = Release|x86
	EndGlobalSection
	GlobalSection(ProjectConfigurationPlatforms) = postSolution
		{D943B5BF-8079-49F0-8B49-10E789461BF5}.Debug|x64.ActiveCfg = Debug|x64
		{D943B5BF-8079-49F0-8B49-10E789461BF5}.Debug|x64.Build.0 = Debug|x64
		{D943B5BF-8079-49F0-8B49-10E789461BF5}.Debug|x86.ActiveCfg = Debug|Win32
		{D943B5BF-8079-49F0-8B49-10E789461BF5}.Debug|x86.Build.0 = Debug|Win32
		{D943B5BF-8079-49F0-8B49-10E789461BF5}.Release|x64.ActiveCfg = Release|x64
		{D943B5BF-8079-49F0-8B49-10E789461BF5}.Release|x64.Build.0 = Release|x64
		{D943B5BF-8079-49F0-8B49-10E789461BF5}.Release|x86.ActiveCfg = Release|Win32
		{D943B5BF-8079-49F0-8B49-10E789461BF5}.Release|x86.Build.0 = Release|Win32
		{B8045886-C704-4D5B-B2AD-5E873F4E3044}.Debug|x64.ActiveCfg = Debug|x64
		{B8045886-C704-4D5B-B2AD-5E873F4E3044}.Debug|x64.Build.0 = Debug|x64
		{B8045886-C704-4D5B-B2AD-5E873F4E3044}.Debug|x86.ActiveCfg = Debug|Win32
		{B8045886-C704-4D5B-B2AD-5E873F4E3044}.Debug|x86.Build.0 = Debug|Win32
		{B8045886-C704-4D5B-B2AD-5E873F4E3044}.Release|x64.ActiveCfg = Release|x64
		{B8045886-C704-4D5B-B2AD-5E873F4E3044}.Release|x64.Build.0 = Release|x64
		{B8045886-C704-4D5B-B2AD-5E873F4E3044}.Release|x86.ActiveCfg = Release|Win32
		{B8045886-C704-4D5B-B2AD-5E873F4E3044}.Release|x86.Build.0 = Release|Win32
		{10B2FCD6-4D3D-4F03-9955-BA00800698D8}.Debug|x64.ActiveCfg = Debug|x64
		{10B2FCD6-4D3D-4F03-9955-BA00800698D8}.Debug|x64.Build.0 = Debug|x64
		{10B2FCD6-4D3D-4F03-9955-BA00800698D8}.Debug|x86.ActiveCfg = Debug|Win32
		{10B2FCD6-4D3D-4F03-9955-BA00800698D8}.Debug|x86.Build.0 = Debug|Win32
		{10B2FCD6-4D3D-4F03-9955-BA00800698D8}.Release|x64.ActiveCfg = Release|x64
		{10B2FCD6-4D3D-4F03-9955-BA00800698D8}.Release|x64.Build.0 = Release|x64
		{10B2FCD6-4D3D-4F03-9955-BA00800698D8}.Release|x86.ActiveCfg = Release|Win32
		{10B2FCD6-4D3D-4F03-9955-BA00800698D8}.Release|x86.Build.0 = Release|Win32
		{1A8B6E37-EAB6-4240-BD44-905EF34732D9}.Debug|x64.ActiveCfg = Debug|x64
		{1A8B6E37-EAB6-4240-BD44-905EF34732D9}.Debug|x64.Build.0 = Debug|x64
		{1A8B6E37-EAB6-4240-BD44-905EF34732D9}.Debug|x86.ActiveCfg = Debug|Win32
		{1A8B6E37-EAB6-4240-BD44-905EF34732D9}.Debug|x86.Build.0 = Debug|Win32
		{1A8B6E37-EAB6-4240-BD44-905EF34732D9}.Release|x64.ActiveCfg = Release|x64
		{1A8B6E37-EAB6-4240-BD44-905EF34732D9}.Release|x64.Build.0 = Release|x64
		{1A8B6E37-EAB6-4240-BD44-905EF34732D9}.Release|x86.ActiveCfg = Release|Win32
		{1A8B6E37-EAB6-4240-BD44-905EF34732D9}.Release|x86.Build.0 = Release|Win32
		{814EF940-68DF-4BC3-9D9D-9C421F168C61}.Debug|x64.ActiveCfg = Debug|x64
		{814EF940-68DF-4BC3-9D9D-9C421F168C61}.Debug|x64.Build.0 = Debug|x64
		{814EF940-68DF-4BC3-9D9D-9C421F168C61}.Debug|x86.ActiveCfg = Debug|Win32
		{814EF940-68DF-4BC3-9D9D-9C421F168C61}.Debug|x86.Build.0 = Debug|Win32
		{814EF940-68DF-4BC3-9D9D-9C421F168C61}.Release|x64.ActiveCfg = Release|x64
		{814EF940-68DF-4BC3-9D9D-9C421F168C61}.Release|x64.Build.0 = Release|x64
		{814EF940-68DF-4BC3-9D9D-9C421F168C61}.Release|x86.ActiveCfg = Release|Win32
		{814EF940-68DF-4BC3-9D9D-9C421F168C61}.Release|x86.Build.0 = Release|Win32
		{3914D730-FEB6-4329-A0AD-48FDC9D0CA5F}.Debug|x64.ActiveCfg = Debug|x64
		{3914D730-FEB6-4329-A0AD-48FDC9D0CA5F}.Debug|x64.Build.0 = Debug|x64
		{3914D730-FEB6-4329-A0AD-48FDC9D0CA5F}.Debug|x86.ActiveCfg = Debug|Win32
		{3914D730-FEB6-4329-A0AD-48FDC9D0CA5F}.Debug|x86.Build.0 = Debug|Win32
		{3914D730-FEB6-4329-A0AD-48FDC9D0CA5F}.Release|x64.ActiveCfg = Release|x64
		{3914D730-FEB6-4329-A0AD-48FDC9D0CA5F}.Release|x64.Build.0 = Release|x64
		{3914D730-FEB6-4329-A0AD-48FDC9D0CA5F}.Release|x86.ActiveCfg = Release|Win32
		{3914D730-FEB6-4329-A0AD-48FDC9D0CA5F}.Release|x86.Build.0 = Release|Win32
	EndGlobalSection
	GlobalSection(SolutionProperties) = preSolution
		HideSolutionNode = FALSE
	EndGlobalSection
	GlobalSection(NestedProjects) = preSolution
		{10B2FCD6-4D3D-4F03-9955-BA00800698D8} = {BFCB786F-954F-4996-9811-DA4205359A44}
	EndGlobalSection
	GlobalSection(ExtensibilityGlobals) = postSolution
		SolutionGuid = {762527DD-8894-48C6-A8EE-DF12C240C67E}
	EndGlobalSection
EndGlobal
