Microsoft Visual Studio Solution File, Format Version 12.00
# Visual Studio 15
VisualStudioVersion = 15.0.27428.2005
MinimumVisualStudioVersion = 10.0.40219.1
Project("{8BC9CEB8-8B4A-11D0-8D11-00A0C91BC942}") = "algorithm_cpp", "algorithm_cpp\algorithm_cpp.vcxproj", "{D943B5BF-8079-49F0-8B49-10E789461BF5}"
EndProject
Project("{8BC9CEB8-8B4A-11D0-8D11-00A0C91BC942}") = "2Xn_tiles", "2Xn_tiles\2Xn_tiles.vcxproj", "{B8045886-C704-4D5B-B2AD-5E873F4E3044}"
EndProject
Project("{2150E333-8FDC-42A3-9474-1A3956D46DE8}") = "DynamicProgramming", "DynamicProgramming", "{BFCB786F-954F-4996-9811-DA4205359A44}"
EndProject
Project("{8BC9CEB8-8B4A-11D0-8D11-00A0C91BC942}") = "2Xn_tiles2", "2Xn_tiles2\2Xn_tiles2.vcxproj", "{10B2FCD6-4D3D-4F03-9955-BA00800698D8}"
EndProject
Project("{8BC9CEB8-8B4A-11D0-8D11-00A0C91BC942}") = "pair_container", "pair_container\pair_container.vcxproj", "{1A8B6E37-EAB6-4240-BD44-905EF34732D9}"
EndProject
Project("{8BC9CEB8-8B4A-11D0-8D11-00A0C91BC942}") = "tie_practice", "tie_practice\tie_practice.vcxproj", "{814EF940-68DF-4BC3-9D9D-9C421F168C61}"
EndProject
Project("{8BC9CEB8-8B4A-11D0-8D11-00A0C91BC942}") = "vector", "vector\vector.vcxproj", "{3914D730-FEB6-4329-A0AD-48FDC9D0CA5F}"
EndProject
Project("{8BC9CEB8-8B4A-11D0-8D11-00A0C91BC942}") = "Set", "Set\Set.vcxproj", "{08D142D4-4784-424A-AB6F-A16D096AF10A}"
EndProject
Project("{8BC9CEB8-8B4A-11D0-8D11-00A0C91BC942}") = "alphabet", "alphabet\alphabet.vcxproj", "{9FE9B318-D127-47AA-A130-6AB250005D79}"
EndProject
Project("{8BC9CEB8-8B4A-11D0-8D11-00A0C91BC942}") = "Map2", "Map2\Map2.vcxproj", "{D8770F62-36F8-409B-93F5-52F8A77351B8}"
EndProject
Project("{8BC9CEB8-8B4A-11D0-8D11-00A0C91BC942}") = "Q2675", "Q2675\Q2675.vcxproj", "{DEA9DB6D-5B28-4040-A8F7-8983D96CD905}"
EndProject
Project("{8BC9CEB8-8B4A-11D0-8D11-00A0C91BC942}") = "Line1", "Line1\Line1.vcxproj", "{645D5ABC-A2A8-4069-967B-EEB82346C26E}"
EndProject
Project("{8BC9CEB8-8B4A-11D0-8D11-00A0C91BC942}") = "NHN1", "NHN1\NHN1.vcxproj", "{9DADBF4D-27DF-4E1F-8A41-E0F892764FED}"
EndProject
Project("{8BC9CEB8-8B4A-11D0-8D11-00A0C91BC942}") = "저항", "저항\저항.vcxproj", "{06CA811B-92F2-48FB-8C2F-79005DB2429B}"
EndProject
Project("{8BC9CEB8-8B4A-11D0-8D11-00A0C91BC942}") = "stack", "stack\stack.vcxproj", "{066DA7D0-BA6F-4F0E-97FA-0AA882DA195C}"
EndProject
Project("{8BC9CEB8-8B4A-11D0-8D11-00A0C91BC942}") = "단어의 개수", "단어의 개수\단어의 개수.vcxproj", "{526FC857-3790-40FE-BB32-3D3CD4922B20}"
EndProject
Project("{8BC9CEB8-8B4A-11D0-8D11-00A0C91BC942}") = "문자열분석", "문자열분석\문자열분석.vcxproj", "{9728E6CD-15C5-40E9-B41D-8E3ADB2FD3B3}"
EndProject
Global
	GlobalSection(SolutionConfigurationPlatforms) = preSolution
		Debug|x64 = Debug|x64
		Debug|x86 = Debug|x86
		Release|x64 = Release|x64
		Release|x86 = Release|x86
	EndGlobalSection
	GlobalSection(ProjectConfigurationPlatforms) = postSolution
		{D943B5BF-8079-49F0-8B49-10E789461BF5}.Debug|x64.ActiveCfg = Debug|x64
		{D943B5BF-8079-49F0-8B49-10E789461BF5}.Debug|x64.Build.0 = Debug|x64
		{D943B5BF-8079-49F0-8B49-10E789461BF5}.Debug|x86.ActiveCfg = Debug|Win32
		{D943B5BF-8079-49F0-8B49-10E789461BF5}.Debug|x86.Build.0 = Debug|Win32
		{D943B5BF-8079-49F0-8B49-10E789461BF5}.Release|x64.ActiveCfg = Release|x64
		{D943B5BF-8079-49F0-8B49-10E789461BF5}.Release|x64.Build.0 = Release|x64
		{D943B5BF-8079-49F0-8B49-10E789461BF5}.Release|x86.ActiveCfg = Release|Win32
		{D943B5BF-8079-49F0-8B49-10E789461BF5}.Release|x86.Build.0 = Release|Win32
		{B8045886-C704-4D5B-B2AD-5E873F4E3044}.Debug|x64.ActiveCfg = Debug|x64
		{B8045886-C704-4D5B-B2AD-5E873F4E3044}.Debug|x64.Build.0 = Debug|x64
		{B8045886-C704-4D5B-B2AD-5E873F4E3044}.Debug|x86.ActiveCfg = Debug|Win32
		{B8045886-C704-4D5B-B2AD-5E873F4E3044}.Debug|x86.Build.0 = Debug|Win32
		{B8045886-C704-4D5B-B2AD-5E873F4E3044}.Release|x64.ActiveCfg = Release|x64
		{B8045886-C704-4D5B-B2AD-5E873F4E3044}.Release|x64.Build.0 = Release|x64
		{B8045886-C704-4D5B-B2AD-5E873F4E3044}.Release|x86.ActiveCfg = Release|Win32
		{B8045886-C704-4D5B-B2AD-5E873F4E3044}.Release|x86.Build.0 = Release|Win32
		{10B2FCD6-4D3D-4F03-9955-BA00800698D8}.Debug|x64.ActiveCfg = Debug|x64
		{10B2FCD6-4D3D-4F03-9955-BA00800698D8}.Debug|x64.Build.0 = Debug|x64
		{10B2FCD6-4D3D-4F03-9955-BA00800698D8}.Debug|x86.ActiveCfg = Debug|Win32
		{10B2FCD6-4D3D-4F03-9955-BA00800698D8}.Debug|x86.Build.0 = Debug|Win32
		{10B2FCD6-4D3D-4F03-9955-BA00800698D8}.Release|x64.ActiveCfg = Release|x64
		{10B2FCD6-4D3D-4F03-9955-BA00800698D8}.Release|x64.Build.0 = Release|x64
		{10B2FCD6-4D3D-4F03-9955-BA00800698D8}.Release|x86.ActiveCfg = Release|Win32
		{10B2FCD6-4D3D-4F03-9955-BA00800698D8}.Release|x86.Build.0 = Release|Win32
		{1A8B6E37-EAB6-4240-BD44-905EF34732D9}.Debug|x64.ActiveCfg = Debug|x64
		{1A8B6E37-EAB6-4240-BD44-905EF34732D9}.Debug|x64.Build.0 = Debug|x64
		{1A8B6E37-EAB6-4240-BD44-905EF34732D9}.Debug|x86.ActiveCfg = Debug|Win32
		{1A8B6E37-EAB6-4240-BD44-905EF34732D9}.Debug|x86.Build.0 = Debug|Win32
		{1A8B6E37-EAB6-4240-BD44-905EF34732D9}.Release|x64.ActiveCfg = Release|x64
		{1A8B6E37-EAB6-4240-BD44-905EF34732D9}.Release|x64.Build.0 = Release|x64
		{1A8B6E37-EAB6-4240-BD44-905EF34732D9}.Release|x86.ActiveCfg = Release|Win32
		{1A8B6E37-EAB6-4240-BD44-905EF34732D9}.Release|x86.Build.0 = Release|Win32
		{814EF940-68DF-4BC3-9D9D-9C421F168C61}.Debug|x64.ActiveCfg = Debug|x64
		{814EF940-68DF-4BC3-9D9D-9C421F168C61}.Debug|x64.Build.0 = Debug|x64
		{814EF940-68DF-4BC3-9D9D-9C421F168C61}.Debug|x86.ActiveCfg = Debug|Win32
		{814EF940-68DF-4BC3-9D9D-9C421F168C61}.Debug|x86.Build.0 = Debug|Win32
		{814EF940-68DF-4BC3-9D9D-9C421F168C61}.Release|x64.ActiveCfg = Release|x64
		{814EF940-68DF-4BC3-9D9D-9C421F168C61}.Release|x64.Build.0 = Release|x64
		{814EF940-68DF-4BC3-9D9D-9C421F168C61}.Release|x86.ActiveCfg = Release|Win32
		{814EF940-68DF-4BC3-9D9D-9C421F168C61}.Release|x86.Build.0 = Release|Win32
		{3914D730-FEB6-4329-A0AD-48FDC9D0CA5F}.Debug|x64.ActiveCfg = Debug|x64
		{3914D730-FEB6-4329-A0AD-48FDC9D0CA5F}.Debug|x64.Build.0 = Debug|x64
		{3914D730-FEB6-4329-A0AD-48FDC9D0CA5F}.Debug|x86.ActiveCfg = Debug|Win32
		{3914D730-FEB6-4329-A0AD-48FDC9D0CA5F}.Debug|x86.Build.0 = Debug|Win32
		{3914D730-FEB6-4329-A0AD-48FDC9D0CA5F}.Release|x64.ActiveCfg = Release|x64
		{3914D730-FEB6-4329-A0AD-48FDC9D0CA5F}.Release|x64.Build.0 = Release|x64
		{3914D730-FEB6-4329-A0AD-48FDC9D0CA5F}.Release|x86.ActiveCfg = Release|Win32
		{3914D730-FEB6-4329-A0AD-48FDC9D0CA5F}.Release|x86.Build.0 = Release|Win32
		{08D142D4-4784-424A-AB6F-A16D096AF10A}.Debug|x64.ActiveCfg = Debug|x64
		{08D142D4-4784-424A-AB6F-A16D096AF10A}.Debug|x64.Build.0 = Debug|x64
		{08D142D4-4784-424A-AB6F-A16D096AF10A}.Debug|x86.ActiveCfg = Debug|Win32
		{08D142D4-4784-424A-AB6F-A16D096AF10A}.Debug|x86.Build.0 = Debug|Win32
		{08D142D4-4784-424A-AB6F-A16D096AF10A}.Release|x64.ActiveCfg = Release|x64
		{08D142D4-4784-424A-AB6F-A16D096AF10A}.Release|x64.Build.0 = Release|x64
		{08D142D4-4784-424A-AB6F-A16D096AF10A}.Release|x86.ActiveCfg = Release|Win32
		{08D142D4-4784-424A-AB6F-A16D096AF10A}.Release|x86.Build.0 = Release|Win32
		{9FE9B318-D127-47AA-A130-6AB250005D79}.Debug|x64.ActiveCfg = Debug|x64
		{9FE9B318-D127-47AA-A130-6AB250005D79}.Debug|x64.Build.0 = Debug|x64
		{9FE9B318-D127-47AA-A130-6AB250005D79}.Debug|x86.ActiveCfg = Debug|Win32
		{9FE9B318-D127-47AA-A130-6AB250005D79}.Debug|x86.Build.0 = Debug|Win32
		{9FE9B318-D127-47AA-A130-6AB250005D79}.Release|x64.ActiveCfg = Release|x64
		{9FE9B318-D127-47AA-A130-6AB250005D79}.Release|x64.Build.0 = Release|x64
		{9FE9B318-D127-47AA-A130-6AB250005D79}.Release|x86.ActiveCfg = Release|Win32
		{9FE9B318-D127-47AA-A130-6AB250005D79}.Release|x86.Build.0 = Release|Win32
		{D8770F62-36F8-409B-93F5-52F8A77351B8}.Debug|x64.ActiveCfg = Debug|x64
		{D8770F62-36F8-409B-93F5-52F8A77351B8}.Debug|x64.Build.0 = Debug|x64
		{D8770F62-36F8-409B-93F5-52F8A77351B8}.Debug|x86.ActiveCfg = Debug|Win32
		{D8770F62-36F8-409B-93F5-52F8A77351B8}.Debug|x86.Build.0 = Debug|Win32
		{D8770F62-36F8-409B-93F5-52F8A77351B8}.Release|x64.ActiveCfg = Release|x64
		{D8770F62-36F8-409B-93F5-52F8A77351B8}.Release|x64.Build.0 = Release|x64
		{D8770F62-36F8-409B-93F5-52F8A77351B8}.Release|x86.ActiveCfg = Release|Win32
		{D8770F62-36F8-409B-93F5-52F8A77351B8}.Release|x86.Build.0 = Release|Win32
		{DEA9DB6D-5B28-4040-A8F7-8983D96CD905}.Debug|x64.ActiveCfg = Debug|x64
		{DEA9DB6D-5B28-4040-A8F7-8983D96CD905}.Debug|x64.Build.0 = Debug|x64
		{DEA9DB6D-5B28-4040-A8F7-8983D96CD905}.Debug|x86.ActiveCfg = Debug|Win32
		{DEA9DB6D-5B28-4040-A8F7-8983D96CD905}.Debug|x86.Build.0 = Debug|Win32
		{DEA9DB6D-5B28-4040-A8F7-8983D96CD905}.Release|x64.ActiveCfg = Release|x64
		{DEA9DB6D-5B28-4040-A8F7-8983D96CD905}.Release|x64.Build.0 = Release|x64
		{DEA9DB6D-5B28-4040-A8F7-8983D96CD905}.Release|x86.ActiveCfg = Release|Win32
		{DEA9DB6D-5B28-4040-A8F7-8983D96CD905}.Release|x86.Build.0 = Release|Win32
		{645D5ABC-A2A8-4069-967B-EEB82346C26E}.Debug|x64.ActiveCfg = Debug|x64
		{645D5ABC-A2A8-4069-967B-EEB82346C26E}.Debug|x64.Build.0 = Debug|x64
		{645D5ABC-A2A8-4069-967B-EEB82346C26E}.Debug|x86.ActiveCfg = Debug|Win32
		{645D5ABC-A2A8-4069-967B-EEB82346C26E}.Debug|x86.Build.0 = Debug|Win32
		{645D5ABC-A2A8-4069-967B-EEB82346C26E}.Release|x64.ActiveCfg = Release|x64
		{645D5ABC-A2A8-4069-967B-EEB82346C26E}.Release|x64.Build.0 = Release|x64
		{645D5ABC-A2A8-4069-967B-EEB82346C26E}.Release|x86.ActiveCfg = Release|Win32
		{645D5ABC-A2A8-4069-967B-EEB82346C26E}.Release|x86.Build.0 = Release|Win32
		{9DADBF4D-27DF-4E1F-8A41-E0F892764FED}.Debug|x64.ActiveCfg = Debug|x64
		{9DADBF4D-27DF-4E1F-8A41-E0F892764FED}.Debug|x64.Build.0 = Debug|x64
		{9DADBF4D-27DF-4E1F-8A41-E0F892764FED}.Debug|x86.ActiveCfg = Debug|Win32
		{9DADBF4D-27DF-4E1F-8A41-E0F892764FED}.Debug|x86.Build.0 = Debug|Win32
		{9DADBF4D-27DF-4E1F-8A41-E0F892764FED}.Release|x64.ActiveCfg = Release|x64
		{9DADBF4D-27DF-4E1F-8A41-E0F892764FED}.Release|x64.Build.0 = Release|x64
		{9DADBF4D-27DF-4E1F-8A41-E0F892764FED}.Release|x86.ActiveCfg = Release|Win32
		{9DADBF4D-27DF-4E1F-8A41-E0F892764FED}.Release|x86.Build.0 = Release|Win32
		{06CA811B-92F2-48FB-8C2F-79005DB2429B}.Debug|x64.ActiveCfg = Debug|x64
		{06CA811B-92F2-48FB-8C2F-79005DB2429B}.Debug|x64.Build.0 = Debug|x64
		{06CA811B-92F2-48FB-8C2F-79005DB2429B}.Debug|x86.ActiveCfg = Debug|Win32
		{06CA811B-92F2-48FB-8C2F-79005DB2429B}.Debug|x86.Build.0 = Debug|Win32
		{06CA811B-92F2-48FB-8C2F-79005DB2429B}.Release|x64.ActiveCfg = Release|x64
		{06CA811B-92F2-48FB-8C2F-79005DB2429B}.Release|x64.Build.0 = Release|x64
		{06CA811B-92F2-48FB-8C2F-79005DB2429B}.Release|x86.ActiveCfg = Release|Win32
		{06CA811B-92F2-48FB-8C2F-79005DB2429B}.Release|x86.Build.0 = Release|Win32
		{066DA7D0-BA6F-4F0E-97FA-0AA882DA195C}.Debug|x64.ActiveCfg = Debug|x64
		{066DA7D0-BA6F-4F0E-97FA-0AA882DA195C}.Debug|x64.Build.0 = Debug|x64
		{066DA7D0-BA6F-4F0E-97FA-0AA882DA195C}.Debug|x86.ActiveCfg = Debug|Win32
		{066DA7D0-BA6F-4F0E-97FA-0AA882DA195C}.Debug|x86.Build.0 = Debug|Win32
		{066DA7D0-BA6F-4F0E-97FA-0AA882DA195C}.Release|x64.ActiveCfg = Release|x64
		{066DA7D0-BA6F-4F0E-97FA-0AA882DA195C}.Release|x64.Build.0 = Release|x64
		{066DA7D0-BA6F-4F0E-97FA-0AA882DA195C}.Release|x86.ActiveCfg = Release|Win32
		{066DA7D0-BA6F-4F0E-97FA-0AA882DA195C}.Release|x86.Build.0 = Release|Win32
		{526FC857-3790-40FE-BB32-3D3CD4922B20}.Debug|x64.ActiveCfg = Debug|x64
		{526FC857-3790-40FE-BB32-3D3CD4922B20}.Debug|x64.Build.0 = Debug|x64
		{526FC857-3790-40FE-BB32-3D3CD4922B20}.Debug|x86.ActiveCfg = Debug|Win32
		{526FC857-3790-40FE-BB32-3D3CD4922B20}.Debug|x86.Build.0 = Debug|Win32
		{526FC857-3790-40FE-BB32-3D3CD4922B20}.Release|x64.ActiveCfg = Release|x64
		{526FC857-3790-40FE-BB32-3D3CD4922B20}.Release|x64.Build.0 = Release|x64
		{526FC857-3790-40FE-BB32-3D3CD4922B20}.Release|x86.ActiveCfg = Release|Win32
		{526FC857-3790-40FE-BB32-3D3CD4922B20}.Release|x86.Build.0 = Release|Win32
		{9728E6CD-15C5-40E9-B41D-8E3ADB2FD3B3}.Debug|x64.ActiveCfg = Debug|x64
		{9728E6CD-15C5-40E9-B41D-8E3ADB2FD3B3}.Debug|x64.Build.0 = Debug|x64
		{9728E6CD-15C5-40E9-B41D-8E3ADB2FD3B3}.Debug|x86.ActiveCfg = Debug|Win32
		{9728E6CD-15C5-40E9-B41D-8E3ADB2FD3B3}.Debug|x86.Build.0 = Debug|Win32
		{9728E6CD-15C5-40E9-B41D-8E3ADB2FD3B3}.Release|x64.ActiveCfg = Release|x64
		{9728E6CD-15C5-40E9-B41D-8E3ADB2FD3B3}.Release|x64.Build.0 = Release|x64
		{9728E6CD-15C5-40E9-B41D-8E3ADB2FD3B3}.Release|x86.ActiveCfg = Release|Win32
		{9728E6CD-15C5-40E9-B41D-8E3ADB2FD3B3}.Release|x86.Build.0 = Release|Win32
	EndGlobalSection
	GlobalSection(SolutionProperties) = preSolution
		HideSolutionNode = FALSE
	EndGlobalSection
	GlobalSection(NestedProjects) = preSolution
		{10B2FCD6-4D3D-4F03-9955-BA00800698D8} = {BFCB786F-954F-4996-9811-DA4205359A44}
	EndGlobalSection
	GlobalSection(ExtensibilityGlobals) = postSolution
		SolutionGuid = {762527DD-8894-48C6-A8EE-DF12C240C67E}
	EndGlobalSection
EndGlobal
